
Microsoft Visual Studio Solution File, Format Version 12.00
# Visual Studio Version 17
VisualStudioVersion = 17.14.36518.9 d17.14
MinimumVisualStudioVersion = 10.0.40219.1
Project("{888888A0-9F3D-457C-B088-3A5042F75D52}") = "Juego inteligencia artificial", "Juego inteligencia artificial.pyproj", "{F628D352-93F4-449A-8104-2752378AC5C9}"
EndProject
Global
	GlobalSection(SolutionConfigurationPlatforms) = preSolution
		Debug|Any CPU = Debug|Any CPU
		Release|Any CPU = Release|Any CPU
	EndGlobalSection
	GlobalSection(ProjectConfigurationPlatforms) = postSolution
		{F628D352-93F4-449A-8104-2752378AC5C9}.Debug|Any CPU.ActiveCfg = Debug|Any CPU
		{F628D352-93F4-449A-8104-2752378AC5C9}.Release|Any CPU.ActiveCfg = Release|Any CPU
	EndGlobalSection
	GlobalSection(SolutionProperties) = preSolution
		HideSolutionNode = FALSE
	EndGlobalSection
	GlobalSection(ExtensibilityGlobals) = postSolution
		SolutionGuid = {70E0882C-9D2C-40F4-82F5-6C370B1BC7A5}
	EndGlobalSection
EndGlobal
